{
    "_meta": {
        "hash": {
            "sha256": "3fa870a0a0b8c0f5edb443a42cd3c0287fafbdf63c4345f00b36ae22eefb0a9a"
        },
        "pipfile-spec": 6,
        "requires": {
            "python_version": "3.10"
        },
        "sources": [
            {
                "name": "pypi",
                "url": "https://pypi.org/simple",
                "verify_ssl": true
            }
        ]
    },
    "default": {
        "mysql-connector-python": {
            "hashes": [
                "sha256:085024bf12d15f9b428938fdbeb50bd9b15dda9c4d3a474e6df061cb08713e6a",
                "sha256:276bae0d5d44abb7ba1205003b55628e4e6f1d399f1825d518bc607320997b1f",
                "sha256:2b5c6fea6513cf208c7116a4a5e36b3ae54e0d37f324a7cfe43fb01cfdf03be6",
                "sha256:35939c4ff28f395a5550bae67bafa4d1658ea72ea3206f457fff64a0fbec17e4",
                "sha256:3ae951f2e16d089975cb9f05b3f3e58807dc33a2e5a627047bba1c8ad5439d82",
                "sha256:42542d131d63c78416d410fdc9e84b9acb960d715c2e7b28c57ac9577c6d8165",
                "sha256:427a84027b8314c73f5ff3eb1abdc709a8201b44a491d7b580bdf430b4820a16",
                "sha256:44a99d44a925ea29c2e423e6d8b1d97ce740c3078d8b41923a81bbcd0a821972",
                "sha256:4e83fc8ed95005b171ffa36a289dac48625048263b09b56718e8395539ea07d9",
                "sha256:651c7824af57eb50f4a79ea04bf6f453b24381e1bb56eee45c0035b4c0c624c0",
                "sha256:655dccbdc0e2943e62cf69e10a024329248b17b58bfac59c60fd2103db3ba0b0",
                "sha256:74b1759d8bd9ccd4296dc2e5abe22ec7efbd1ad12a9032c2cb4d17fa5d0ca6e0",
                "sha256:76c13fde35a038afe50550a9af7b31b28ca3a04cce06f3030980afb20460d28c",
                "sha256:a6d24ea29b3c2bdbba6861590de557665420bfb938f74b5cecc630bac5457d35",
                "sha256:accf10425c6af39a9595a47e7119ebcbcd7351f7df28755dbee01bca5a605b7c",
                "sha256:aed505adc76b58282c76e6cbf3da195be0f84029a41f05c470be977481896074",
                "sha256:af40b5bdd91547d3dbf5fa62bde37e9e840bd7cba3b9246b55c09e6a1cde536f",
                "sha256:b7876358d9e51f25edc492088c4ce16cd14c2db87c279a965b0f9c327723359c",
                "sha256:bb4f3edab78f3fd6f80c6c0a9e5a533704044fc01bfb9e8736e1a993f74aa42d",
                "sha256:c0a2688d95d53cfbea9352ed61926b47bc9042570570fb8fe0a8d19b1e20f1c4",
                "sha256:cd89d1c8c2d1e33e5ac2d4eac5813422c150a8427fb60a16c59be18c29dd9a94",
                "sha256:cda868bb4e1641362d148f5b0d2a86188cffa2f7188831589781b13f2df6f51a",
                "sha256:d343a4a8133ae9561bd537fc8cdbcab74a0607a5f40698569010fa3c7d4a048f",
                "sha256:e549674c72b596a7386f4a76bbac2ee9581f6632e6713618a70468713b162964",
                "sha256:e6d5a418ef124dd1b18a73fd89431a1862ce7bf68f61275c7d006e8e2f8afcd2",
                "sha256:ed276c4e7907da0ad95a9ad122004294d6fb425127064af2ae880033b8e72166"
            ],
            "index": "pypi",
            "version": "==8.4.0"
        },
        "mysqlclient": {
            "hashes": [
                "sha256:329e4eec086a2336fe3541f1ce095d87a6f169d1cc8ba7b04ac68bcb234c9711",
                "sha256:33bc9fb3464e7d7c10b1eaf7336c5ff8f2a3d3b88bab432116ad2490beb3bf41",
                "sha256:3c318755e06df599338dad7625f884b8a71fcf322a9939ef78c9b3db93e1de7a",
                "sha256:4e80dcad884dd6e14949ac6daf769123223a52a6805345608bf49cdaf7bc8b3a",
                "sha256:9d3310295cb682232cadc28abd172f406c718b9ada41d2371259098ae37779d3",
                "sha256:9d4c015480c4a6b2b1602eccd9846103fc70606244788d04aa14b31c4bd1f0e2",
                "sha256:ac44777eab0a66c14cb0d38965572f762e193ec2e5c0723bcd11319cc5b693c5",
                "sha256:d43987bb9626096a302ca6ddcdd81feaeca65ced1d5fe892a6a66b808326aa54",
                "sha256:e1ebe3f41d152d7cb7c265349fdb7f1eca86ccb0ca24a90036cde48e00ceb2ab"
            ],
            "index": "pypi",
            "version": "==2.2.4"
        }
    },
    "develop": {}
}
